
Microsoft Visual Studio Solution File, Format Version 12.00
# Visual Studio Version 17
VisualStudioVersion = 17.13.35931.197 d17.13
MinimumVisualStudioVersion = 10.0.40219.1
Project("{FAE04EC0-301F-11D3-BF4B-00C04F79EFBC}") = "book-manager", "book-manager\book-manager.csproj", "{2E400C02-7654-4621-9215-5A6D15DC013C}"
EndProject
Global
	GlobalSection(SolutionConfigurationPlatforms) = preSolution
		Debug|Any CPU = Debug|Any CPU
		Release|Any CPU = Release|Any CPU
	EndGlobalSection
	GlobalSection(ProjectConfigurationPlatforms) = postSolution
		{2E400C02-7654-4621-9215-5A6D15DC013C}.Debug|Any CPU.ActiveCfg = Debug|Any CPU
		{2E400C02-7654-4621-9215-5A6D15DC013C}.Debug|Any CPU.Build.0 = Debug|Any CPU
		{2E400C02-7654-4621-9215-5A6D15DC013C}.Release|Any CPU.ActiveCfg = Release|Any CPU
		{2E400C02-7654-4621-9215-5A6D15DC013C}.Release|Any CPU.Build.0 = Release|Any CPU
	EndGlobalSection
	GlobalSection(SolutionProperties) = preSolution
		HideSolutionNode = FALSE
	EndGlobalSection
	GlobalSection(ExtensibilityGlobals) = postSolution
		SolutionGuid = {B9E9366D-E22B-4993-88E3-CB0AE2685D5D}
	EndGlobalSection
EndGlobal
